// !$*UTF8*$!
{
	archiveVersion = 1;
	classes = {
	};
	objectVersion = 51;
	objects = {

/* Begin PBXBuildFile section */
		1FA14634267282950E3400ED /* Pods_fleet_ios.framework in Frameworks */ = {isa = PBXBuildFile; fileRef = C2FEF8F519AF1B1144173153 /* Pods_fleet_ios.framework */; };
		2301A7F6248FCB4F005070B0 /* Date.swift in Sources */ = {isa = PBXBuildFile; fileRef = 2301A7F5248FCB4F005070B0 /* Date.swift */; };
		230B7A852480BAE500E34F13 /* RoundedOnlyTopView.swift in Sources */ = {isa = PBXBuildFile; fileRef = 230B7A842480BAE500E34F13 /* RoundedOnlyTopView.swift */; };
		230B7A862480C78300E34F13 /* HealthKit.framework in Frameworks */ = {isa = PBXBuildFile; fileRef = 593226AC247FFC760009950D /* HealthKit.framework */; };
		2330ECD0247554F8005C9DA0 /* CoreDataFunction.swift in Sources */ = {isa = PBXBuildFile; fileRef = 2330ECCF247554F8005C9DA0 /* CoreDataFunction.swift */; };
		2330ECD22475554C005C9DA0 /* DayModel.swift in Sources */ = {isa = PBXBuildFile; fileRef = 2330ECD12475554C005C9DA0 /* DayModel.swift */; };
		2347A9AA24826D5000A9D212 /* LevelInfoVC.swift in Sources */ = {isa = PBXBuildFile; fileRef = 2347A9A924826D5000A9D212 /* LevelInfoVC.swift */; };
		234A062A247E71E300190F28 /* Mascot.swift in Sources */ = {isa = PBXBuildFile; fileRef = 234A0629247E71E300190F28 /* Mascot.swift */; };
		2372DC78246A665400ABE9D5 /* ProgressController.swift in Sources */ = {isa = PBXBuildFile; fileRef = 2372DC77246A665400ABE9D5 /* ProgressController.swift */; };
		23A2AED6247CC5040009BD3A /* Onboarding.storyboard in Resources */ = {isa = PBXBuildFile; fileRef = 23A2AED5247CC5040009BD3A /* Onboarding.storyboard */; };
		23A2AED8247CD6970009BD3A /* OnboardingVC.swift in Sources */ = {isa = PBXBuildFile; fileRef = 23A2AED7247CD6970009BD3A /* OnboardingVC.swift */; };
		23A2AEDE247CDEE90009BD3A /* EndOnboardingVC.swift in Sources */ = {isa = PBXBuildFile; fileRef = 23A2AEDD247CDEE90009BD3A /* EndOnboardingVC.swift */; };
		23DEC6C22482415E003AF776 /* ChartFuncion.swift in Sources */ = {isa = PBXBuildFile; fileRef = 23DEC6C12482415E003AF776 /* ChartFuncion.swift */; };
		593226A2247F31D30009950D /* UserDefaultServices.swift in Sources */ = {isa = PBXBuildFile; fileRef = 593226A1247F31D30009950D /* UserDefaultServices.swift */; };
		593226A4247F380B0009950D /* Constans.swift in Sources */ = {isa = PBXBuildFile; fileRef = 593226A3247F380B0009950D /* Constans.swift */; };
		59550411247E55A600F7EBB5 /* Achievement.swift in Sources */ = {isa = PBXBuildFile; fileRef = 59550410247E55A600F7EBB5 /* Achievement.swift */; };
		5979AD24246B8F0900F8FC53 /* RoundedView.swift in Sources */ = {isa = PBXBuildFile; fileRef = 5979AD23246B8F0900F8FC53 /* RoundedView.swift */; };
		5979AD5F246E428300F8FC53 /* RoundedButton.swift in Sources */ = {isa = PBXBuildFile; fileRef = 5979AD5E246E428300F8FC53 /* RoundedButton.swift */; };
		5980AD7C24743CB400E232A6 /* RoundedOnlyBottomView.swift in Sources */ = {isa = PBXBuildFile; fileRef = 5980AD7B24743CB400E232A6 /* RoundedOnlyBottomView.swift */; };
		5980AD7F2474F28F00E232A6 /* AchievementCell.swift in Sources */ = {isa = PBXBuildFile; fileRef = 5980AD7D2474F28F00E232A6 /* AchievementCell.swift */; };
		5980AD802474F28F00E232A6 /* AchievementCell.xib in Resources */ = {isa = PBXBuildFile; fileRef = 5980AD7E2474F28F00E232A6 /* AchievementCell.xib */; };
		5980AD822474F44D00E232A6 /* DetailAchievementVC.swift in Sources */ = {isa = PBXBuildFile; fileRef = 5980AD812474F44D00E232A6 /* DetailAchievementVC.swift */; };
		5980AD852474F59F00E232A6 /* CategoryAchievementCell.swift in Sources */ = {isa = PBXBuildFile; fileRef = 5980AD832474F59F00E232A6 /* CategoryAchievementCell.swift */; };
		5980AD892474F6E300E232A6 /* Category.swift in Sources */ = {isa = PBXBuildFile; fileRef = 5980AD882474F6E300E232A6 /* Category.swift */; };
		5980AD8B2474F73E00E232A6 /* Dummies.swift in Sources */ = {isa = PBXBuildFile; fileRef = 5980AD8A2474F73E00E232A6 /* Dummies.swift */; };
		599327712480E02C004E3B79 /* NotificationService.swift in Sources */ = {isa = PBXBuildFile; fileRef = 599327702480E02C004E3B79 /* NotificationService.swift */; };
		5993277324813647004E3B79 /* HealthKitService.swift in Sources */ = {isa = PBXBuildFile; fileRef = 5993277224813647004E3B79 /* HealthKitService.swift */; };
		5993277524820201004E3B79 /* AchievementService.swift in Sources */ = {isa = PBXBuildFile; fileRef = 5993277424820201004E3B79 /* AchievementService.swift */; };
		599327772482027D004E3B79 /* Enums.swift in Sources */ = {isa = PBXBuildFile; fileRef = 599327762482027D004E3B79 /* Enums.swift */; };
		599D843D2484D67D00BAE307 /* toLevel2.mp4 in Resources */ = {isa = PBXBuildFile; fileRef = 599D843B2484D67D00BAE307 /* toLevel2.mp4 */; };
		599D843E2484D67D00BAE307 /* toLevel5.mp4 in Resources */ = {isa = PBXBuildFile; fileRef = 599D843C2484D67D00BAE307 /* toLevel5.mp4 */; };
		59A37C1E246A5F73006252BA /* AppDelegate.swift in Sources */ = {isa = PBXBuildFile; fileRef = 59A37C1D246A5F73006252BA /* AppDelegate.swift */; };
		59A37C20246A5F73006252BA /* SceneDelegate.swift in Sources */ = {isa = PBXBuildFile; fileRef = 59A37C1F246A5F73006252BA /* SceneDelegate.swift */; };
		59A37C22246A5F73006252BA /* FleetController.swift in Sources */ = {isa = PBXBuildFile; fileRef = 59A37C21246A5F73006252BA /* FleetController.swift */; };
		59A37C24246A5F73006252BA /* AchievementController.swift in Sources */ = {isa = PBXBuildFile; fileRef = 59A37C23246A5F73006252BA /* AchievementController.swift */; };
		59A37C27246A5F73006252BA /* Main.storyboard in Resources */ = {isa = PBXBuildFile; fileRef = 59A37C25246A5F73006252BA /* Main.storyboard */; };
		59A37C2A246A5F73006252BA /* fleet_ios.xcdatamodeld in Sources */ = {isa = PBXBuildFile; fileRef = 59A37C28246A5F73006252BA /* fleet_ios.xcdatamodeld */; };
		59A37C2C246A5F76006252BA /* Assets.xcassets in Resources */ = {isa = PBXBuildFile; fileRef = 59A37C2B246A5F76006252BA /* Assets.xcassets */; };
		59A37C2F246A5F76006252BA /* LaunchScreen.storyboard in Resources */ = {isa = PBXBuildFile; fileRef = 59A37C2D246A5F76006252BA /* LaunchScreen.storyboard */; };
		59EEC4B52484BA2200207244 /* toLevel3.mp4 in Resources */ = {isa = PBXBuildFile; fileRef = 59EEC4B22484BA2100207244 /* toLevel3.mp4 */; };
		59EEC4B62484BA2200207244 /* toLevel4.mp4 in Resources */ = {isa = PBXBuildFile; fileRef = 59EEC4B32484BA2100207244 /* toLevel4.mp4 */; };
		59EEC4B92484BB1600207244 /* LevelUpVC.swift in Sources */ = {isa = PBXBuildFile; fileRef = 59EEC4B72484BB1600207244 /* LevelUpVC.swift */; };
		D2D94B76247E39F70076C795 /* Achievement Complete.mp3 in Resources */ = {isa = PBXBuildFile; fileRef = D2D94B75247E39F70076C795 /* Achievement Complete.mp3 */; };
		D2D94B78247E3A080076C795 /* Mascot Level.mp3 in Resources */ = {isa = PBXBuildFile; fileRef = D2D94B77247E3A080076C795 /* Mascot Level.mp3 */; };
/* End PBXBuildFile section */

/* Begin PBXFileReference section */
		2301A7F5248FCB4F005070B0 /* Date.swift */ = {isa = PBXFileReference; lastKnownFileType = sourcecode.swift; path = Date.swift; sourceTree = "<group>"; };
		230B7A842480BAE500E34F13 /* RoundedOnlyTopView.swift */ = {isa = PBXFileReference; lastKnownFileType = sourcecode.swift; path = RoundedOnlyTopView.swift; sourceTree = "<group>"; };
		2330ECCF247554F8005C9DA0 /* CoreDataFunction.swift */ = {isa = PBXFileReference; lastKnownFileType = sourcecode.swift; path = CoreDataFunction.swift; sourceTree = "<group>"; };
		2330ECD12475554C005C9DA0 /* DayModel.swift */ = {isa = PBXFileReference; lastKnownFileType = sourcecode.swift; path = DayModel.swift; sourceTree = "<group>"; };
		2347A9A924826D5000A9D212 /* LevelInfoVC.swift */ = {isa = PBXFileReference; lastKnownFileType = sourcecode.swift; path = LevelInfoVC.swift; sourceTree = "<group>"; };
		234A0629247E71E300190F28 /* Mascot.swift */ = {isa = PBXFileReference; lastKnownFileType = sourcecode.swift; path = Mascot.swift; sourceTree = "<group>"; };
		2372DC77246A665400ABE9D5 /* ProgressController.swift */ = {isa = PBXFileReference; lastKnownFileType = sourcecode.swift; path = ProgressController.swift; sourceTree = "<group>"; };
		23A2AED5247CC5040009BD3A /* Onboarding.storyboard */ = {isa = PBXFileReference; lastKnownFileType = file.storyboard; path = Onboarding.storyboard; sourceTree = "<group>"; };
		23A2AED7247CD6970009BD3A /* OnboardingVC.swift */ = {isa = PBXFileReference; lastKnownFileType = sourcecode.swift; path = OnboardingVC.swift; sourceTree = "<group>"; };
		23A2AEDD247CDEE90009BD3A /* EndOnboardingVC.swift */ = {isa = PBXFileReference; lastKnownFileType = sourcecode.swift; path = EndOnboardingVC.swift; sourceTree = "<group>"; };
		23DEC6C12482415E003AF776 /* ChartFuncion.swift */ = {isa = PBXFileReference; lastKnownFileType = sourcecode.swift; path = ChartFuncion.swift; sourceTree = "<group>"; };
		593226A1247F31D30009950D /* UserDefaultServices.swift */ = {isa = PBXFileReference; lastKnownFileType = sourcecode.swift; path = UserDefaultServices.swift; sourceTree = "<group>"; };
		593226A3247F380B0009950D /* Constans.swift */ = {isa = PBXFileReference; lastKnownFileType = sourcecode.swift; path = Constans.swift; sourceTree = "<group>"; };
		593226AB247FFC760009950D /* fleet-ios.entitlements */ = {isa = PBXFileReference; lastKnownFileType = text.plist.entitlements; path = "fleet-ios.entitlements"; sourceTree = "<group>"; };
		593226AC247FFC760009950D /* HealthKit.framework */ = {isa = PBXFileReference; lastKnownFileType = wrapper.framework; name = HealthKit.framework; path = System/Library/Frameworks/HealthKit.framework; sourceTree = SDKROOT; };
		59550410247E55A600F7EBB5 /* Achievement.swift */ = {isa = PBXFileReference; lastKnownFileType = sourcecode.swift; path = Achievement.swift; sourceTree = "<group>"; };
		5979AD23246B8F0900F8FC53 /* RoundedView.swift */ = {isa = PBXFileReference; lastKnownFileType = sourcecode.swift; path = RoundedView.swift; sourceTree = "<group>"; };
		5979AD5E246E428300F8FC53 /* RoundedButton.swift */ = {isa = PBXFileReference; lastKnownFileType = sourcecode.swift; path = RoundedButton.swift; sourceTree = "<group>"; };
		5980AD7B24743CB400E232A6 /* RoundedOnlyBottomView.swift */ = {isa = PBXFileReference; lastKnownFileType = sourcecode.swift; path = RoundedOnlyBottomView.swift; sourceTree = "<group>"; };
		5980AD7D2474F28F00E232A6 /* AchievementCell.swift */ = {isa = PBXFileReference; lastKnownFileType = sourcecode.swift; path = AchievementCell.swift; sourceTree = "<group>"; };
		5980AD7E2474F28F00E232A6 /* AchievementCell.xib */ = {isa = PBXFileReference; lastKnownFileType = file.xib; path = AchievementCell.xib; sourceTree = "<group>"; };
		5980AD812474F44D00E232A6 /* DetailAchievementVC.swift */ = {isa = PBXFileReference; lastKnownFileType = sourcecode.swift; path = DetailAchievementVC.swift; sourceTree = "<group>"; };
		5980AD832474F59F00E232A6 /* CategoryAchievementCell.swift */ = {isa = PBXFileReference; lastKnownFileType = sourcecode.swift; path = CategoryAchievementCell.swift; sourceTree = "<group>"; };
		5980AD882474F6E300E232A6 /* Category.swift */ = {isa = PBXFileReference; lastKnownFileType = sourcecode.swift; path = Category.swift; sourceTree = "<group>"; };
		5980AD8A2474F73E00E232A6 /* Dummies.swift */ = {isa = PBXFileReference; lastKnownFileType = sourcecode.swift; path = Dummies.swift; sourceTree = "<group>"; };
		599327702480E02C004E3B79 /* NotificationService.swift */ = {isa = PBXFileReference; lastKnownFileType = sourcecode.swift; path = NotificationService.swift; sourceTree = "<group>"; };
		5993277224813647004E3B79 /* HealthKitService.swift */ = {isa = PBXFileReference; lastKnownFileType = sourcecode.swift; path = HealthKitService.swift; sourceTree = "<group>"; };
		5993277424820201004E3B79 /* AchievementService.swift */ = {isa = PBXFileReference; lastKnownFileType = sourcecode.swift; path = AchievementService.swift; sourceTree = "<group>"; };
		599327762482027D004E3B79 /* Enums.swift */ = {isa = PBXFileReference; lastKnownFileType = sourcecode.swift; path = Enums.swift; sourceTree = "<group>"; };
		599D843B2484D67D00BAE307 /* toLevel2.mp4 */ = {isa = PBXFileReference; lastKnownFileType = file; path = toLevel2.mp4; sourceTree = "<group>"; };
		599D843C2484D67D00BAE307 /* toLevel5.mp4 */ = {isa = PBXFileReference; lastKnownFileType = file; path = toLevel5.mp4; sourceTree = "<group>"; };
		59A37C1A246A5F73006252BA /* Fleet.app */ = {isa = PBXFileReference; explicitFileType = wrapper.application; includeInIndex = 0; path = Fleet.app; sourceTree = BUILT_PRODUCTS_DIR; };
		59A37C1D246A5F73006252BA /* AppDelegate.swift */ = {isa = PBXFileReference; lastKnownFileType = sourcecode.swift; path = AppDelegate.swift; sourceTree = "<group>"; };
		59A37C1F246A5F73006252BA /* SceneDelegate.swift */ = {isa = PBXFileReference; lastKnownFileType = sourcecode.swift; path = SceneDelegate.swift; sourceTree = "<group>"; };
		59A37C21246A5F73006252BA /* FleetController.swift */ = {isa = PBXFileReference; lastKnownFileType = sourcecode.swift; path = FleetController.swift; sourceTree = "<group>"; };
		59A37C23246A5F73006252BA /* AchievementController.swift */ = {isa = PBXFileReference; lastKnownFileType = sourcecode.swift; path = AchievementController.swift; sourceTree = "<group>"; };
		59A37C26246A5F73006252BA /* Base */ = {isa = PBXFileReference; lastKnownFileType = file.storyboard; name = Base; path = Base.lproj/Main.storyboard; sourceTree = "<group>"; };
		59A37C29246A5F73006252BA /* fleet_ios.xcdatamodel */ = {isa = PBXFileReference; lastKnownFileType = wrapper.xcdatamodel; path = fleet_ios.xcdatamodel; sourceTree = "<group>"; };
		59A37C2B246A5F76006252BA /* Assets.xcassets */ = {isa = PBXFileReference; lastKnownFileType = folder.assetcatalog; path = Assets.xcassets; sourceTree = "<group>"; };
		59A37C2E246A5F76006252BA /* Base */ = {isa = PBXFileReference; lastKnownFileType = file.storyboard; name = Base; path = Base.lproj/LaunchScreen.storyboard; sourceTree = "<group>"; };
		59A37C30246A5F76006252BA /* Info.plist */ = {isa = PBXFileReference; lastKnownFileType = text.plist.xml; path = Info.plist; sourceTree = "<group>"; };
		59EEC4B22484BA2100207244 /* toLevel3.mp4 */ = {isa = PBXFileReference; lastKnownFileType = file; path = toLevel3.mp4; sourceTree = "<group>"; };
		59EEC4B32484BA2100207244 /* toLevel4.mp4 */ = {isa = PBXFileReference; lastKnownFileType = file; path = toLevel4.mp4; sourceTree = "<group>"; };
		59EEC4B72484BB1600207244 /* LevelUpVC.swift */ = {isa = PBXFileReference; lastKnownFileType = sourcecode.swift; path = LevelUpVC.swift; sourceTree = "<group>"; };
		8166937B6EF4A08ED8D53DC0 /* Pods-fleet-ios.release.xcconfig */ = {isa = PBXFileReference; includeInIndex = 1; lastKnownFileType = text.xcconfig; name = "Pods-fleet-ios.release.xcconfig"; path = "Target Support Files/Pods-fleet-ios/Pods-fleet-ios.release.xcconfig"; sourceTree = "<group>"; };
		82CF27A025C752317BB6F147 /* Pods-fleet-ios.debug.xcconfig */ = {isa = PBXFileReference; includeInIndex = 1; lastKnownFileType = text.xcconfig; name = "Pods-fleet-ios.debug.xcconfig"; path = "Target Support Files/Pods-fleet-ios/Pods-fleet-ios.debug.xcconfig"; sourceTree = "<group>"; };
		C2FEF8F519AF1B1144173153 /* Pods_fleet_ios.framework */ = {isa = PBXFileReference; explicitFileType = wrapper.framework; includeInIndex = 0; path = Pods_fleet_ios.framework; sourceTree = BUILT_PRODUCTS_DIR; };
		D2D94B75247E39F70076C795 /* Achievement Complete.mp3 */ = {isa = PBXFileReference; lastKnownFileType = audio.mp3; name = "Achievement Complete.mp3"; path = "fleet-ios/Sound Effect/Achievement Complete.mp3"; sourceTree = SOURCE_ROOT; };
		D2D94B77247E3A080076C795 /* Mascot Level.mp3 */ = {isa = PBXFileReference; lastKnownFileType = audio.mp3; path = "Mascot Level.mp3"; sourceTree = "<group>"; };
/* End PBXFileReference section */

/* Begin PBXFrameworksBuildPhase section */
		59A37C17246A5F73006252BA /* Frameworks */ = {
			isa = PBXFrameworksBuildPhase;
			buildActionMask = 2147483647;
			files = (
				1FA14634267282950E3400ED /* Pods_fleet_ios.framework in Frameworks */,
				230B7A862480C78300E34F13 /* HealthKit.framework in Frameworks */,
			);
			runOnlyForDeploymentPostprocessing = 0;
		};
/* End PBXFrameworksBuildPhase section */

/* Begin PBXGroup section */
		17F19072736FF0BB67E846C0 /* Frameworks */ = {
			isa = PBXGroup;
			children = (
				593226AC247FFC760009950D /* HealthKit.framework */,
				C2FEF8F519AF1B1144173153 /* Pods_fleet_ios.framework */,
			);
			name = Frameworks;
			sourceTree = "<group>";
		};
		2372DC79246A666000ABE9D5 /* Controller */ = {
			isa = PBXGroup;
			children = (
				59A37C21246A5F73006252BA /* FleetController.swift */,
				59A37C23246A5F73006252BA /* AchievementController.swift */,
				5980AD812474F44D00E232A6 /* DetailAchievementVC.swift */,
				2372DC77246A665400ABE9D5 /* ProgressController.swift */,
				2347A9A924826D5000A9D212 /* LevelInfoVC.swift */,
				59EEC4B72484BB1600207244 /* LevelUpVC.swift */,
			);
			path = Controller;
			sourceTree = "<group>";
		};
		23A2AED9247CD6A10009BD3A /* OnboardingController */ = {
			isa = PBXGroup;
			children = (
				23A2AED7247CD6970009BD3A /* OnboardingVC.swift */,
				23A2AEDD247CDEE90009BD3A /* EndOnboardingVC.swift */,
			);
			path = OnboardingController;
			sourceTree = "<group>";
		};
		23A2AEDA247CD6BC0009BD3A /* Storyboard */ = {
			isa = PBXGroup;
			children = (
				59A37C25246A5F73006252BA /* Main.storyboard */,
				59A37C2D246A5F76006252BA /* LaunchScreen.storyboard */,
				23A2AED5247CC5040009BD3A /* Onboarding.storyboard */,
			);
			path = Storyboard;
			sourceTree = "<group>";
		};
		593226A0247F31A00009950D /* Services */ = {
			isa = PBXGroup;
			children = (
				2330ECCF247554F8005C9DA0 /* CoreDataFunction.swift */,
				23DEC6C12482415E003AF776 /* ChartFuncion.swift */,
				593226A1247F31D30009950D /* UserDefaultServices.swift */,
				5993277424820201004E3B79 /* AchievementService.swift */,
				599327702480E02C004E3B79 /* NotificationService.swift */,
				5993277224813647004E3B79 /* HealthKitService.swift */,
				2301A7F5248FCB4F005070B0 /* Date.swift */,
			);
			path = Services;
			sourceTree = "<group>";
		};
		595503D7247C200A00F7EBB5 /* Utilities */ = {
			isa = PBXGroup;
			children = (
				593226A3247F380B0009950D /* Constans.swift */,
			);
			path = Utilities;
			sourceTree = "<group>";
		};
		5979AD22246B8EF000F8FC53 /* Views */ = {
			isa = PBXGroup;
			children = (
				5979AD23246B8F0900F8FC53 /* RoundedView.swift */,
				5979AD5E246E428300F8FC53 /* RoundedButton.swift */,
				5980AD7B24743CB400E232A6 /* RoundedOnlyBottomView.swift */,
				230B7A842480BAE500E34F13 /* RoundedOnlyTopView.swift */,
				5980AD7D2474F28F00E232A6 /* AchievementCell.swift */,
				5980AD7E2474F28F00E232A6 /* AchievementCell.xib */,
				5980AD832474F59F00E232A6 /* CategoryAchievementCell.swift */,
			);
			path = Views;
			sourceTree = "<group>";
		};
		5980AD872474F6D800E232A6 /* Model */ = {
			isa = PBXGroup;
			children = (
				5980AD882474F6E300E232A6 /* Category.swift */,
				5980AD8A2474F73E00E232A6 /* Dummies.swift */,
				2330ECD12475554C005C9DA0 /* DayModel.swift */,
				59550410247E55A600F7EBB5 /* Achievement.swift */,
				234A0629247E71E300190F28 /* Mascot.swift */,
				599327762482027D004E3B79 /* Enums.swift */,
			);
			path = Model;
			sourceTree = "<group>";
		};
		59A37C11246A5F73006252BA = {
			isa = PBXGroup;
			children = (
				59A37C1C246A5F73006252BA /* fleet-ios */,
				59A37C1B246A5F73006252BA /* Products */,
				9FE03428AE4DEA8812B04A59 /* Pods */,
				17F19072736FF0BB67E846C0 /* Frameworks */,
			);
			sourceTree = "<group>";
		};
		59A37C1B246A5F73006252BA /* Products */ = {
			isa = PBXGroup;
			children = (
				59A37C1A246A5F73006252BA /* Fleet.app */,
			);
			name = Products;
			sourceTree = "<group>";
		};
		59A37C1C246A5F73006252BA /* fleet-ios */ = {
			isa = PBXGroup;
			children = (
				593226AB247FFC760009950D /* fleet-ios.entitlements */,
				59A37C1D246A5F73006252BA /* AppDelegate.swift */,
				59A37C1F246A5F73006252BA /* SceneDelegate.swift */,
				593226A0247F31A00009950D /* Services */,
				595503D7247C200A00F7EBB5 /* Utilities */,
				5980AD872474F6D800E232A6 /* Model */,
				5979AD22246B8EF000F8FC53 /* Views */,
				2372DC79246A666000ABE9D5 /* Controller */,
				23A2AEDA247CD6BC0009BD3A /* Storyboard */,
				23A2AED9247CD6A10009BD3A /* OnboardingController */,
				D2D94B79247E3A130076C795 /* Sound Effect */,
				59EEC4B02484B8D000207244 /* Level Up */,
				59A37C2B246A5F76006252BA /* Assets.xcassets */,
				59A37C30246A5F76006252BA /* Info.plist */,
				59A37C28246A5F73006252BA /* fleet_ios.xcdatamodeld */,
			);
			path = "fleet-ios";
			sourceTree = "<group>";
		};
		59EEC4B02484B8D000207244 /* Level Up */ = {
			isa = PBXGroup;
			children = (
				599D843B2484D67D00BAE307 /* toLevel2.mp4 */,
				59EEC4B22484BA2100207244 /* toLevel3.mp4 */,
				59EEC4B32484BA2100207244 /* toLevel4.mp4 */,
				599D843C2484D67D00BAE307 /* toLevel5.mp4 */,
			);
			path = "Level Up";
			sourceTree = "<group>";
		};
		9FE03428AE4DEA8812B04A59 /* Pods */ = {
			isa = PBXGroup;
			children = (
				82CF27A025C752317BB6F147 /* Pods-fleet-ios.debug.xcconfig */,
				8166937B6EF4A08ED8D53DC0 /* Pods-fleet-ios.release.xcconfig */,
			);
			path = Pods;
			sourceTree = "<group>";
		};
		D2D94B79247E3A130076C795 /* Sound Effect */ = {
			isa = PBXGroup;
			children = (
				D2D94B77247E3A080076C795 /* Mascot Level.mp3 */,
				D2D94B75247E39F70076C795 /* Achievement Complete.mp3 */,
			);
			path = "Sound Effect";
			sourceTree = "<group>";
		};
/* End PBXGroup section */

/* Begin PBXNativeTarget section */
		59A37C19246A5F73006252BA /* fleet-ios */ = {
			isa = PBXNativeTarget;
			buildConfigurationList = 59A37C33246A5F76006252BA /* Build configuration list for PBXNativeTarget "fleet-ios" */;
			buildPhases = (
				BFB5028540572983DD4438F3 /* [CP] Check Pods Manifest.lock */,
				59A37C18246A5F73006252BA /* Resources */,
				59A37C17246A5F73006252BA /* Frameworks */,
				59A37C16246A5F73006252BA /* Sources */,
				D332A2E01C6FEF597368CE6C /* [CP] Embed Pods Frameworks */,
			);
			buildRules = (
			);
			dependencies = (
			);
			name = "fleet-ios";
			productName = "fleet-ios";
			productReference = 59A37C1A246A5F73006252BA /* Fleet.app */;
			productType = "com.apple.product-type.application";
		};
/* End PBXNativeTarget section */

/* Begin PBXProject section */
		59A37C12246A5F73006252BA /* Project object */ = {
			isa = PBXProject;
			attributes = {
				LastSwiftUpdateCheck = 1140;
				LastUpgradeCheck = 1140;
				ORGANIZATIONNAME = "Muhammad Hilmy Fauzi";
				TargetAttributes = {
					59A37C19246A5F73006252BA = {
						CreatedOnToolsVersion = 11.4.1;
					};
				};
			};
			buildConfigurationList = 59A37C15246A5F73006252BA /* Build configuration list for PBXProject "fleet" */;
			compatibilityVersion = "Xcode 9.3";
			developmentRegion = en;
			hasScannedForEncodings = 0;
			knownRegions = (
				en,
				Base,
			);
			mainGroup = 59A37C11246A5F73006252BA;
			productRefGroup = 59A37C1B246A5F73006252BA /* Products */;
			projectDirPath = "";
			projectRoot = "";
			targets = (
				59A37C19246A5F73006252BA /* fleet-ios */,
			);
		};
/* End PBXProject section */

/* Begin PBXResourcesBuildPhase section */
		59A37C18246A5F73006252BA /* Resources */ = {
			isa = PBXResourcesBuildPhase;
			buildActionMask = 2147483647;
			files = (
				59A37C2F246A5F76006252BA /* LaunchScreen.storyboard in Resources */,
				D2D94B78247E3A080076C795 /* Mascot Level.mp3 in Resources */,
				599D843E2484D67D00BAE307 /* toLevel5.mp4 in Resources */,
				59EEC4B52484BA2200207244 /* toLevel3.mp4 in Resources */,
				23A2AED6247CC5040009BD3A /* Onboarding.storyboard in Resources */,
				599D843D2484D67D00BAE307 /* toLevel2.mp4 in Resources */,
				D2D94B76247E39F70076C795 /* Achievement Complete.mp3 in Resources */,
				59EEC4B62484BA2200207244 /* toLevel4.mp4 in Resources */,
				5980AD802474F28F00E232A6 /* AchievementCell.xib in Resources */,
				59A37C2C246A5F76006252BA /* Assets.xcassets in Resources */,
				59A37C27246A5F73006252BA /* Main.storyboard in Resources */,
			);
			runOnlyForDeploymentPostprocessing = 0;
		};
/* End PBXResourcesBuildPhase section */

/* Begin PBXShellScriptBuildPhase section */
		BFB5028540572983DD4438F3 /* [CP] Check Pods Manifest.lock */ = {
			isa = PBXShellScriptBuildPhase;
			buildActionMask = 2147483647;
			files = (
			);
			inputFileListPaths = (
			);
			inputPaths = (
				"${PODS_PODFILE_DIR_PATH}/Podfile.lock",
				"${PODS_ROOT}/Manifest.lock",
			);
			name = "[CP] Check Pods Manifest.lock";
			outputFileListPaths = (
			);
			outputPaths = (
				"$(DERIVED_FILE_DIR)/Pods-fleet-ios-checkManifestLockResult.txt",
			);
			runOnlyForDeploymentPostprocessing = 0;
			shellPath = /bin/sh;
			shellScript = "diff \"${PODS_PODFILE_DIR_PATH}/Podfile.lock\" \"${PODS_ROOT}/Manifest.lock\" > /dev/null\nif [ $? != 0 ] ; then\n    # print error to STDERR\n    echo \"error: The sandbox is not in sync with the Podfile.lock. Run 'pod install' or update your CocoaPods installation.\" >&2\n    exit 1\nfi\n# This output is used by Xcode 'outputs' to avoid re-running this script phase.\necho \"SUCCESS\" > \"${SCRIPT_OUTPUT_FILE_0}\"\n";
			showEnvVarsInLog = 0;
		};
		D332A2E01C6FEF597368CE6C /* [CP] Embed Pods Frameworks */ = {
			isa = PBXShellScriptBuildPhase;
			buildActionMask = 2147483647;
			files = (
			);
			inputFileListPaths = (
				"${PODS_ROOT}/Target Support Files/Pods-fleet-ios/Pods-fleet-ios-frameworks-${CONFIGURATION}-input-files.xcfilelist",
			);
			name = "[CP] Embed Pods Frameworks";
			outputFileListPaths = (
				"${PODS_ROOT}/Target Support Files/Pods-fleet-ios/Pods-fleet-ios-frameworks-${CONFIGURATION}-output-files.xcfilelist",
			);
			runOnlyForDeploymentPostprocessing = 0;
			shellPath = /bin/sh;
			shellScript = "\"${PODS_ROOT}/Target Support Files/Pods-fleet-ios/Pods-fleet-ios-frameworks.sh\"\n";
			showEnvVarsInLog = 0;
		};
/* End PBXShellScriptBuildPhase section */

/* Begin PBXSourcesBuildPhase section */
		59A37C16246A5F73006252BA /* Sources */ = {
			isa = PBXSourcesBuildPhase;
			buildActionMask = 2147483647;
			files = (
				234A062A247E71E300190F28 /* Mascot.swift in Sources */,
				59A37C2A246A5F73006252BA /* fleet_ios.xcdatamodeld in Sources */,
				23A2AED8247CD6970009BD3A /* OnboardingVC.swift in Sources */,
				5993277324813647004E3B79 /* HealthKitService.swift in Sources */,
				2347A9AA24826D5000A9D212 /* LevelInfoVC.swift in Sources */,
				59A37C24246A5F73006252BA /* AchievementController.swift in Sources */,
				599327712480E02C004E3B79 /* NotificationService.swift in Sources */,
				2330ECD22475554C005C9DA0 /* DayModel.swift in Sources */,
				5979AD24246B8F0900F8FC53 /* RoundedView.swift in Sources */,
				5980AD7F2474F28F00E232A6 /* AchievementCell.swift in Sources */,
				23DEC6C22482415E003AF776 /* ChartFuncion.swift in Sources */,
				5993277524820201004E3B79 /* AchievementService.swift in Sources */,
				2330ECD0247554F8005C9DA0 /* CoreDataFunction.swift in Sources */,
				5980AD822474F44D00E232A6 /* DetailAchievementVC.swift in Sources */,
				59EEC4B92484BB1600207244 /* LevelUpVC.swift in Sources */,
				59550411247E55A600F7EBB5 /* Achievement.swift in Sources */,
				5980AD7C24743CB400E232A6 /* RoundedOnlyBottomView.swift in Sources */,
				2372DC78246A665400ABE9D5 /* ProgressController.swift in Sources */,
				59A37C22246A5F73006252BA /* FleetController.swift in Sources */,
				599327772482027D004E3B79 /* Enums.swift in Sources */,
				59A37C1E246A5F73006252BA /* AppDelegate.swift in Sources */,
				23A2AEDE247CDEE90009BD3A /* EndOnboardingVC.swift in Sources */,
				593226A2247F31D30009950D /* UserDefaultServices.swift in Sources */,
				593226A4247F380B0009950D /* Constans.swift in Sources */,
				5980AD892474F6E300E232A6 /* Category.swift in Sources */,
				59A37C20246A5F73006252BA /* SceneDelegate.swift in Sources */,
				5979AD5F246E428300F8FC53 /* RoundedButton.swift in Sources */,
				2301A7F6248FCB4F005070B0 /* Date.swift in Sources */,
				230B7A852480BAE500E34F13 /* RoundedOnlyTopView.swift in Sources */,
				5980AD8B2474F73E00E232A6 /* Dummies.swift in Sources */,
				5980AD852474F59F00E232A6 /* CategoryAchievementCell.swift in Sources */,
			);
			runOnlyForDeploymentPostprocessing = 0;
		};
/* End PBXSourcesBuildPhase section */

/* Begin PBXVariantGroup section */
		59A37C25246A5F73006252BA /* Main.storyboard */ = {
			isa = PBXVariantGroup;
			children = (
				59A37C26246A5F73006252BA /* Base */,
			);
			name = Main.storyboard;
			sourceTree = "<group>";
		};
		59A37C2D246A5F76006252BA /* LaunchScreen.storyboard */ = {
			isa = PBXVariantGroup;
			children = (
				59A37C2E246A5F76006252BA /* Base */,
			);
			name = LaunchScreen.storyboard;
			sourceTree = "<group>";
		};
/* End PBXVariantGroup section */

/* Begin XCBuildConfiguration section */
		59A37C31246A5F76006252BA /* Debug */ = {
			isa = XCBuildConfiguration;
			buildSettings = {
				ALWAYS_SEARCH_USER_PATHS = NO;
				CLANG_ANALYZER_NONNULL = YES;
				CLANG_ANALYZER_NUMBER_OBJECT_CONVERSION = YES_AGGRESSIVE;
				CLANG_CXX_LANGUAGE_STANDARD = "gnu++14";
				CLANG_CXX_LIBRARY = "libc++";
				CLANG_ENABLE_MODULES = YES;
				CLANG_ENABLE_OBJC_ARC = YES;
				CLANG_ENABLE_OBJC_WEAK = YES;
				CLANG_WARN_BLOCK_CAPTURE_AUTORELEASING = YES;
				CLANG_WARN_BOOL_CONVERSION = YES;
				CLANG_WARN_COMMA = YES;
				CLANG_WARN_CONSTANT_CONVERSION = YES;
				CLANG_WARN_DEPRECATED_OBJC_IMPLEMENTATIONS = YES;
				CLANG_WARN_DIRECT_OBJC_ISA_USAGE = YES_ERROR;
				CLANG_WARN_DOCUMENTATION_COMMENTS = YES;
				CLANG_WARN_EMPTY_BODY = YES;
				CLANG_WARN_ENUM_CONVERSION = YES;
				CLANG_WARN_INFINITE_RECURSION = YES;
				CLANG_WARN_INT_CONVERSION = YES;
				CLANG_WARN_NON_LITERAL_NULL_CONVERSION = YES;
				CLANG_WARN_OBJC_IMPLICIT_RETAIN_SELF = YES;
				CLANG_WARN_OBJC_LITERAL_CONVERSION = YES;
				CLANG_WARN_OBJC_ROOT_CLASS = YES_ERROR;
				CLANG_WARN_RANGE_LOOP_ANALYSIS = YES;
				CLANG_WARN_STRICT_PROTOTYPES = YES;
				CLANG_WARN_SUSPICIOUS_MOVE = YES;
				CLANG_WARN_UNGUARDED_AVAILABILITY = YES_AGGRESSIVE;
				CLANG_WARN_UNREACHABLE_CODE = YES;
				CLANG_WARN__DUPLICATE_METHOD_MATCH = YES;
				COPY_PHASE_STRIP = NO;
				DEBUG_INFORMATION_FORMAT = dwarf;
				ENABLE_STRICT_OBJC_MSGSEND = YES;
				ENABLE_TESTABILITY = YES;
				GCC_C_LANGUAGE_STANDARD = gnu11;
				GCC_DYNAMIC_NO_PIC = NO;
				GCC_NO_COMMON_BLOCKS = YES;
				GCC_OPTIMIZATION_LEVEL = 0;
				GCC_PREPROCESSOR_DEFINITIONS = (
					"DEBUG=1",
					"$(inherited)",
				);
				GCC_WARN_64_TO_32_BIT_CONVERSION = YES;
				GCC_WARN_ABOUT_RETURN_TYPE = YES_ERROR;
				GCC_WARN_UNDECLARED_SELECTOR = YES;
				GCC_WARN_UNINITIALIZED_AUTOS = YES_AGGRESSIVE;
				GCC_WARN_UNUSED_FUNCTION = YES;
				GCC_WARN_UNUSED_VARIABLE = YES;
				IPHONEOS_DEPLOYMENT_TARGET = 13.0;
				MTL_ENABLE_DEBUG_INFO = INCLUDE_SOURCE;
				MTL_FAST_MATH = YES;
				ONLY_ACTIVE_ARCH = YES;
				SDKROOT = iphoneos;
				SWIFT_ACTIVE_COMPILATION_CONDITIONS = DEBUG;
				SWIFT_OPTIMIZATION_LEVEL = "-Onone";
			};
			name = Debug;
		};
		59A37C32246A5F76006252BA /* Release */ = {
			isa = XCBuildConfiguration;
			buildSettings = {
				ALWAYS_SEARCH_USER_PATHS = NO;
				CLANG_ANALYZER_NONNULL = YES;
				CLANG_ANALYZER_NUMBER_OBJECT_CONVERSION = YES_AGGRESSIVE;
				CLANG_CXX_LANGUAGE_STANDARD = "gnu++14";
				CLANG_CXX_LIBRARY = "libc++";
				CLANG_ENABLE_MODULES = YES;
				CLANG_ENABLE_OBJC_ARC = YES;
				CLANG_ENABLE_OBJC_WEAK = YES;
				CLANG_WARN_BLOCK_CAPTURE_AUTORELEASING = YES;
				CLANG_WARN_BOOL_CONVERSION = YES;
				CLANG_WARN_COMMA = YES;
				CLANG_WARN_CONSTANT_CONVERSION = YES;
				CLANG_WARN_DEPRECATED_OBJC_IMPLEMENTATIONS = YES;
				CLANG_WARN_DIRECT_OBJC_ISA_USAGE = YES_ERROR;
				CLANG_WARN_DOCUMENTATION_COMMENTS = YES;
				CLANG_WARN_EMPTY_BODY = YES;
				CLANG_WARN_ENUM_CONVERSION = YES;
				CLANG_WARN_INFINITE_RECURSION = YES;
				CLANG_WARN_INT_CONVERSION = YES;
				CLANG_WARN_NON_LITERAL_NULL_CONVERSION = YES;
				CLANG_WARN_OBJC_IMPLICIT_RETAIN_SELF = YES;
				CLANG_WARN_OBJC_LITERAL_CONVERSION = YES;
				CLANG_WARN_OBJC_ROOT_CLASS = YES_ERROR;
				CLANG_WARN_RANGE_LOOP_ANALYSIS = YES;
				CLANG_WARN_STRICT_PROTOTYPES = YES;
				CLANG_WARN_SUSPICIOUS_MOVE = YES;
				CLANG_WARN_UNGUARDED_AVAILABILITY = YES_AGGRESSIVE;
				CLANG_WARN_UNREACHABLE_CODE = YES;
				CLANG_WARN__DUPLICATE_METHOD_MATCH = YES;
				COPY_PHASE_STRIP = NO;
				DEBUG_INFORMATION_FORMAT = "dwarf-with-dsym";
				ENABLE_NS_ASSERTIONS = NO;
				ENABLE_STRICT_OBJC_MSGSEND = YES;
				GCC_C_LANGUAGE_STANDARD = gnu11;
				GCC_NO_COMMON_BLOCKS = YES;
				GCC_WARN_64_TO_32_BIT_CONVERSION = YES;
				GCC_WARN_ABOUT_RETURN_TYPE = YES_ERROR;
				GCC_WARN_UNDECLARED_SELECTOR = YES;
				GCC_WARN_UNINITIALIZED_AUTOS = YES_AGGRESSIVE;
				GCC_WARN_UNUSED_FUNCTION = YES;
				GCC_WARN_UNUSED_VARIABLE = YES;
				IPHONEOS_DEPLOYMENT_TARGET = 13.0;
				MTL_ENABLE_DEBUG_INFO = NO;
				MTL_FAST_MATH = YES;
				SDKROOT = iphoneos;
				SWIFT_COMPILATION_MODE = wholemodule;
				SWIFT_OPTIMIZATION_LEVEL = "-O";
				VALIDATE_PRODUCT = YES;
			};
			name = Release;
		};
		59A37C34246A5F76006252BA /* Debug */ = {
			isa = XCBuildConfiguration;
			baseConfigurationReference = 82CF27A025C752317BB6F147 /* Pods-fleet-ios.debug.xcconfig */;
			buildSettings = {
				ASSETCATALOG_COMPILER_APPICON_NAME = AppIcon;
				CODE_SIGN_ENTITLEMENTS = "fleet-ios/fleet-ios.entitlements";
				CODE_SIGN_IDENTITY = "Apple Development";
				CODE_SIGN_STYLE = Automatic;
				DEVELOPMENT_TEAM = 72C5A4RQ56;
				INFOPLIST_FILE = "fleet-ios/Info.plist";
				IPHONEOS_DEPLOYMENT_TARGET = 13.0;
				LD_RUNPATH_SEARCH_PATHS = (
					"$(inherited)",
					"@executable_path/Frameworks",
				);
				PRODUCT_BUNDLE_IDENTIFIER = com.teri.fleet;
				PRODUCT_NAME = Fleet;
				PROVISIONING_PROFILE_SPECIFIER = "";
				SWIFT_VERSION = 5.0;
				TARGETED_DEVICE_FAMILY = 1;
			};
			name = Debug;
		};
		59A37C35246A5F76006252BA /* Release */ = {
			isa = XCBuildConfiguration;
			baseConfigurationReference = 8166937B6EF4A08ED8D53DC0 /* Pods-fleet-ios.release.xcconfig */;
			buildSettings = {
				ASSETCATALOG_COMPILER_APPICON_NAME = AppIcon;
				CODE_SIGN_ENTITLEMENTS = "fleet-ios/fleet-ios.entitlements";
				CODE_SIGN_IDENTITY = "Apple Development";
				CODE_SIGN_STYLE = Automatic;
				DEVELOPMENT_TEAM = 72C5A4RQ56;
				INFOPLIST_FILE = "fleet-ios/Info.plist";
				IPHONEOS_DEPLOYMENT_TARGET = 13.0;
				LD_RUNPATH_SEARCH_PATHS = (
					"$(inherited)",
					"@executable_path/Frameworks",
				);
				PRODUCT_BUNDLE_IDENTIFIER = com.teri.fleet;
				PRODUCT_NAME = Fleet;
				PROVISIONING_PROFILE_SPECIFIER = "";
				SWIFT_VERSION = 5.0;
				TARGETED_DEVICE_FAMILY = 1;
			};
			name = Release;
		};
/* End XCBuildConfiguration section */

/* Begin XCConfigurationList section */
		59A37C15246A5F73006252BA /* Build configuration list for PBXProject "fleet" */ = {
			isa = XCConfigurationList;
			buildConfigurations = (
				59A37C31246A5F76006252BA /* Debug */,
				59A37C32246A5F76006252BA /* Release */,
			);
			defaultConfigurationIsVisible = 0;
			defaultConfigurationName = Release;
		};
		59A37C33246A5F76006252BA /* Build configuration list for PBXNativeTarget "fleet-ios" */ = {
			isa = XCConfigurationList;
			buildConfigurations = (
				59A37C34246A5F76006252BA /* Debug */,
				59A37C35246A5F76006252BA /* Release */,
			);
			defaultConfigurationIsVisible = 0;
			defaultConfigurationName = Release;
		};
/* End XCConfigurationList section */

/* Begin XCVersionGroup section */
		59A37C28246A5F73006252BA /* fleet_ios.xcdatamodeld */ = {
			isa = XCVersionGroup;
			children = (
				59A37C29246A5F73006252BA /* fleet_ios.xcdatamodel */,
			);
			currentVersion = 59A37C29246A5F73006252BA /* fleet_ios.xcdatamodel */;
			path = fleet_ios.xcdatamodeld;
			sourceTree = "<group>";
			versionGroupType = wrapper.xcdatamodel;
		};
/* End XCVersionGroup section */
	};
	rootObject = 59A37C12246A5F73006252BA /* Project object */;
}
